{
  "name": "typeinstall",
  "version": "1.0.3",
  "lockfileVersion": 2,
  "requires": true,
  "packages": {
    "": {
      "name": "typeinstall",
      "version": "1.0.3",
      "license": "MIT",
      "dependencies": {
        "colorette": "^2.0.16"
      },
      "bin": {
        "typeinstall": "bin/typeinstall.js"
      },
      "devDependencies": {
        "@types/node": "^17.0.10",
        "typeinstall": "^1.0.2"
      }
    },
    "node_modules/@types/node": {
      "version": "17.0.10",
      "resolved": "https://registry.npmjs.org/@types/node/-/node-17.0.10.tgz",
      "integrity": "sha512-S/3xB4KzyFxYGCppyDt68yzBU9ysL88lSdIah4D6cptdcltc4NCPCAMc0+PCpg/lLIyC7IPvj2Z52OJWeIUkog==",
      "dev": true
    },
    "node_modules/colorette": {
      "version": "2.0.16",
      "resolved": "https://registry.npmjs.org/colorette/-/colorette-2.0.16.tgz",
      "integrity": "sha512-hUewv7oMjCp+wkBv5Rm0v87eJhq4woh5rSR+42YSQJKecCqgIqNkZ6lAlQms/BwHPJA5NKMRlpxPRv0n8HQW6g=="
    },
    "node_modules/typeinstall": {
      "version": "1.0.2",
      "resolved": "https://registry.npmjs.org/typeinstall/-/typeinstall-1.0.2.tgz",
      "integrity": "sha512-BlmnVQOqxcjQT04hN7Nfk0+Emr6uNZATuPD+/7BxNYvvwDU8JjHmUqmEb5cQcn9xQF+BDQvsxR/X84ZBa2gL6A==",
      "dev": true,
      "dependencies": {
        "colorette": "^2.0.16"
      },
      "bin": {
        "typeinstall": "bin/typeinstall.js"
      }
    }
  },
  "dependencies": {
    "@types/node": {
      "version": "17.0.10",
      "resolved": "https://registry.npmjs.org/@types/node/-/node-17.0.10.tgz",
      "integrity": "sha512-S/3xB4KzyFxYGCppyDt68yzBU9ysL88lSdIah4D6cptdcltc4NCPCAMc0+PCpg/lLIyC7IPvj2Z52OJWeIUkog==",
      "dev": true
    },
    "colorette": {
      "version": "2.0.16",
      "resolved": "https://registry.npmjs.org/colorette/-/colorette-2.0.16.tgz",
      "integrity": "sha512-hUewv7oMjCp+wkBv5Rm0v87eJhq4woh5rSR+42YSQJKecCqgIqNkZ6lAlQms/BwHPJA5NKMRlpxPRv0n8HQW6g=="
    },
    "typeinstall": {
      "version": "1.0.2",
      "resolved": "https://registry.npmjs.org/typeinstall/-/typeinstall-1.0.2.tgz",
      "integrity": "sha512-BlmnVQOqxcjQT04hN7Nfk0+Emr6uNZATuPD+/7BxNYvvwDU8JjHmUqmEb5cQcn9xQF+BDQvsxR/X84ZBa2gL6A==",
      "dev": true,
      "requires": {
        "colorette": "^2.0.16"
      }
    }
  }
}
